
Microsoft Visual Studio Solution File, Format Version 12.00
# Visual Studio Version 17
VisualStudioVersion = 17.7.34018.315
MinimumVisualStudioVersion = 10.0.40219.1
Project("{FAE04EC0-301F-11D3-BF4B-00C04F79EFBC}") = "WebRegistroLibros", "WebRegistroLibros\WebRegistroLibros.csproj", "{5E86F24B-13A1-445E-AC25-1078F0C037CA}"
EndProject
Global
	GlobalSection(SolutionConfigurationPlatforms) = preSolution
		Debug|Any CPU = Debug|Any CPU
		Release|Any CPU = Release|Any CPU
	EndGlobalSection
	GlobalSection(ProjectConfigurationPlatforms) = postSolution
		{5E86F24B-13A1-445E-AC25-1078F0C037CA}.Debug|Any CPU.ActiveCfg = Debug|Any CPU
		{5E86F24B-13A1-445E-AC25-1078F0C037CA}.Debug|Any CPU.Build.0 = Debug|Any CPU
		{5E86F24B-13A1-445E-AC25-1078F0C037CA}.Release|Any CPU.ActiveCfg = Release|Any CPU
		{5E86F24B-13A1-445E-AC25-1078F0C037CA}.Release|Any CPU.Build.0 = Release|Any CPU
	EndGlobalSection
	GlobalSection(SolutionProperties) = preSolution
		HideSolutionNode = FALSE
	EndGlobalSection
	GlobalSection(ExtensibilityGlobals) = postSolution
		SolutionGuid = {AD6460CE-583D-43A0-BE4A-841EFDB0B711}
	EndGlobalSection
EndGlobal
